
Microsoft Visual Studio Solution File, Format Version 12.00
# Visual Studio 15
Project("{D4F11E3F-4D7D-48D5-82FE-CBDC59DD8DC6}") = "GenCSPRO", "GenCSPRO\GenCSPRO.csproj", "{CFEA4247-DBD0-40E8-8E2D-D1B2733C06E5}"
EndProject
Global
	GlobalSection(SolutionConfigurationPlatforms) = preSolution
		Debug|Any CPU = Debug|Any CPU
		Debug|x64 = Debug|x64
		Debug|x86 = Debug|x86
		Release|Any CPU = Release|Any CPU
		Release|x64 = Release|x64
		Release|x86 = Release|x86
	EndGlobalSection
	GlobalSection(ProjectConfigurationPlatforms) = postSolution
		{CFEA4247-DBD0-40E8-8E2D-D1B2733C06E5}.Debug|Any CPU.ActiveCfg = Debug|Any CPU
		{CFEA4247-DBD0-40E8-8E2D-D1B2733C06E5}.Debug|Any CPU.Build.0 = Debug|Any CPU
		{CFEA4247-DBD0-40E8-8E2D-D1B2733C06E5}.Debug|x64.ActiveCfg = Debug|Any CPU
		{CFEA4247-DBD0-40E8-8E2D-D1B2733C06E5}.Debug|x64.Build.0 = Debug|Any CPU
		{CFEA4247-DBD0-40E8-8E2D-D1B2733C06E5}.Debug|x86.ActiveCfg = Debug|Any CPU
		{CFEA4247-DBD0-40E8-8E2D-D1B2733C06E5}.Debug|x86.Build.0 = Debug|Any CPU
		{CFEA4247-DBD0-40E8-8E2D-D1B2733C06E5}.Release|Any CPU.ActiveCfg = Release|Any CPU
		{CFEA4247-DBD0-40E8-8E2D-D1B2733C06E5}.Release|Any CPU.Build.0 = Release|Any CPU
		{CFEA4247-DBD0-40E8-8E2D-D1B2733C06E5}.Release|x64.ActiveCfg = Release|Any CPU
		{CFEA4247-DBD0-40E8-8E2D-D1B2733C06E5}.Release|x64.Build.0 = Release|Any CPU
		{CFEA4247-DBD0-40E8-8E2D-D1B2733C06E5}.Release|x86.ActiveCfg = Release|Any CPU
		{CFEA4247-DBD0-40E8-8E2D-D1B2733C06E5}.Release|x86.Build.0 = Release|Any CPU
	EndGlobalSection
	GlobalSection(SolutionProperties) = preSolution
		HideSolutionNode = FALSE
	EndGlobalSection
	GlobalSection(ExtensibilityGlobals) = postSolution
		SolutionGuid = {12E80685-FD4D-4EE6-9A8A-8D922F12B283}
	EndGlobalSection
EndGlobal
